// !$*UTF8*$!
{
	archiveVersion = 1;
	classes = {
	};
	objectVersion = 46;
	objects = {

/* Begin PBXBuildFile section */
		62CF76451C0ED5DE00B63707 /* AppDelegate.swift in Sources */ = {isa = PBXBuildFile; fileRef = 62CF76441C0ED5DE00B63707 /* AppDelegate.swift */; };
		62CF764A1C0ED5DE00B63707 /* Main.storyboard in Resources */ = {isa = PBXBuildFile; fileRef = 62CF76481C0ED5DE00B63707 /* Main.storyboard */; };
		62CF764C1C0ED5DE00B63707 /* Assets.xcassets in Resources */ = {isa = PBXBuildFile; fileRef = 62CF764B1C0ED5DE00B63707 /* Assets.xcassets */; };
		62CF764F1C0ED5DE00B63707 /* LaunchScreen.storyboard in Resources */ = {isa = PBXBuildFile; fileRef = 62CF764D1C0ED5DE00B63707 /* LaunchScreen.storyboard */; };
		62CF765F1C0ED7BD00B63707 /* SnapshottingUITests.swift in Sources */ = {isa = PBXBuildFile; fileRef = 62CF765E1C0ED7BD00B63707 /* SnapshottingUITests.swift */; };
		62CF76681C0ED95300B63707 /* SnapshotHelper.swift in Sources */ = {isa = PBXBuildFile; fileRef = 62CF76671C0ED95300B63707 /* SnapshotHelper.swift */; };
/* End PBXBuildFile section */

/* Begin PBXContainerItemProxy section */
		62CF76611C0ED7BD00B63707 /* PBXContainerItemProxy */ = {
			isa = PBXContainerItemProxy;
			containerPortal = 62CF76391C0ED5DE00B63707 /* Project object */;
			proxyType = 1;
			remoteGlobalIDString = 62CF76401C0ED5DE00B63707;
			remoteInfo = Snapshotting;
		};
/* End PBXContainerItemProxy section */

/* Begin PBXFileReference section */
		62CF76411C0ED5DE00B63707 /* Snapshotting.app */ = {isa = PBXFileReference; explicitFileType = wrapper.application; includeInIndex = 0; path = Snapshotting.app; sourceTree = BUILT_PRODUCTS_DIR; };
		62CF76441C0ED5DE00B63707 /* AppDelegate.swift */ = {isa = PBXFileReference; lastKnownFileType = sourcecode.swift; path = AppDelegate.swift; sourceTree = "<group>"; };
		62CF76491C0ED5DE00B63707 /* Base */ = {isa = PBXFileReference; lastKnownFileType = file.storyboard; name = Base; path = Base.lproj/Main.storyboard; sourceTree = "<group>"; };
		62CF764B1C0ED5DE00B63707 /* Assets.xcassets */ = {isa = PBXFileReference; lastKnownFileType = folder.assetcatalog; path = Assets.xcassets; sourceTree = "<group>"; };
		62CF764E1C0ED5DE00B63707 /* Base */ = {isa = PBXFileReference; lastKnownFileType = file.storyboard; name = Base; path = Base.lproj/LaunchScreen.storyboard; sourceTree = "<group>"; };
		62CF76501C0ED5DE00B63707 /* Info.plist */ = {isa = PBXFileReference; lastKnownFileType = text.plist.xml; path = Info.plist; sourceTree = "<group>"; };
		62CF765C1C0ED7BD00B63707 /* SnapshottingUITests.xctest */ = {isa = PBXFileReference; explicitFileType = wrapper.cfbundle; includeInIndex = 0; path = SnapshottingUITests.xctest; sourceTree = BUILT_PRODUCTS_DIR; };
		62CF765E1C0ED7BD00B63707 /* SnapshottingUITests.swift */ = {isa = PBXFileReference; lastKnownFileType = sourcecode.swift; path = SnapshottingUITests.swift; sourceTree = "<group>"; };
		62CF76601C0ED7BD00B63707 /* Info.plist */ = {isa = PBXFileReference; lastKnownFileType = text.plist.xml; path = Info.plist; sourceTree = "<group>"; };
		62CF76671C0ED95300B63707 /* SnapshotHelper.swift */ = {isa = PBXFileReference; fileEncoding = 4; lastKnownFileType = sourcecode.swift; path = SnapshotHelper.swift; sourceTree = SOURCE_ROOT; };
/* End PBXFileReference section */

/* Begin PBXFrameworksBuildPhase section */
		62CF763E1C0ED5DE00B63707 /* Frameworks */ = {
			isa = PBXFrameworksBuildPhase;
			buildActionMask = 2147483647;
			files = (
			);
			runOnlyForDeploymentPostprocessing = 0;
		};
		62CF76591C0ED7BD00B63707 /* Frameworks */ = {
			isa = PBXFrameworksBuildPhase;
			buildActionMask = 2147483647;
			files = (
			);
			runOnlyForDeploymentPostprocessing = 0;
		};
/* End PBXFrameworksBuildPhase section */

/* Begin PBXGroup section */
		62CF76381C0ED5DE00B63707 = {
			isa = PBXGroup;
			children = (
				62CF76431C0ED5DE00B63707 /* Snapshotting */,
				62CF765D1C0ED7BD00B63707 /* SnapshottingUITests */,
				62CF76421C0ED5DE00B63707 /* Products */,
			);
			sourceTree = "<group>";
		};
		62CF76421C0ED5DE00B63707 /* Products */ = {
			isa = PBXGroup;
			children = (
				62CF76411C0ED5DE00B63707 /* Snapshotting.app */,
				62CF765C1C0ED7BD00B63707 /* SnapshottingUITests.xctest */,
			);
			name = Products;
			sourceTree = "<group>";
		};
		62CF76431C0ED5DE00B63707 /* Snapshotting */ = {
			isa = PBXGroup;
			children = (
				62CF76441C0ED5DE00B63707 /* AppDelegate.swift */,
				62CF76571C0ED5F200B63707 /* Support */,
				62CF76561C0ED5EF00B63707 /* UI */,
			);
			path = Snapshotting;
			sourceTree = "<group>";
		};
		62CF76561C0ED5EF00B63707 /* UI */ = {
			isa = PBXGroup;
			children = (
				62CF764B1C0ED5DE00B63707 /* Assets.xcassets */,
				62CF764D1C0ED5DE00B63707 /* LaunchScreen.storyboard */,
				62CF76481C0ED5DE00B63707 /* Main.storyboard */,
			);
			name = UI;
			sourceTree = "<group>";
		};
		62CF76571C0ED5F200B63707 /* Support */ = {
			isa = PBXGroup;
			children = (
				62CF76501C0ED5DE00B63707 /* Info.plist */,
			);
			name = Support;
			sourceTree = "<group>";
		};
		62CF765D1C0ED7BD00B63707 /* SnapshottingUITests */ = {
			isa = PBXGroup;
			children = (
				62CF76671C0ED95300B63707 /* SnapshotHelper.swift */,
				62CF765E1C0ED7BD00B63707 /* SnapshottingUITests.swift */,
				62CF76661C0ED7C300B63707 /* Support */,
			);
			path = SnapshottingUITests;
			sourceTree = "<group>";
		};
		62CF76661C0ED7C300B63707 /* Support */ = {
			isa = PBXGroup;
			children = (
				62CF76601C0ED7BD00B63707 /* Info.plist */,
			);
			name = Support;
			sourceTree = "<group>";
		};
/* End PBXGroup section */

/* Begin PBXNativeTarget section */
		62CF76401C0ED5DE00B63707 /* Snapshotting */ = {
			isa = PBXNativeTarget;
			buildConfigurationList = 62CF76531C0ED5DE00B63707 /* Build configuration list for PBXNativeTarget "Snapshotting" */;
			buildPhases = (
				62CF763D1C0ED5DE00B63707 /* Sources */,
				62CF763E1C0ED5DE00B63707 /* Frameworks */,
				62CF763F1C0ED5DE00B63707 /* Resources */,
			);
			buildRules = (
			);
			dependencies = (
			);
			name = Snapshotting;
			productName = Snapshotting;
			productReference = 62CF76411C0ED5DE00B63707 /* Snapshotting.app */;
			productType = "com.apple.product-type.application";
		};
		62CF765B1C0ED7BD00B63707 /* SnapshottingUITests */ = {
			isa = PBXNativeTarget;
			buildConfigurationList = 62CF76631C0ED7BE00B63707 /* Build configuration list for PBXNativeTarget "SnapshottingUITests" */;
			buildPhases = (
				62CF76581C0ED7BD00B63707 /* Sources */,
				62CF76591C0ED7BD00B63707 /* Frameworks */,
				62CF765A1C0ED7BD00B63707 /* Resources */,
			);
			buildRules = (
			);
			dependencies = (
				62CF76621C0ED7BD00B63707 /* PBXTargetDependency */,
			);
			name = SnapshottingUITests;
			productName = SnapshottingUITests;
			productReference = 62CF765C1C0ED7BD00B63707 /* SnapshottingUITests.xctest */;
			productType = "com.apple.product-type.bundle.ui-testing";
		};
/* End PBXNativeTarget section */

/* Begin PBXProject section */
		62CF76391C0ED5DE00B63707 /* Project object */ = {
			isa = PBXProject;
			attributes = {
				LastSwiftUpdateCheck = 0710;
				LastUpgradeCheck = 0710;
				ORGANIZATIONNAME = "Jelle Vandebeeck";
				TargetAttributes = {
					62CF76401C0ED5DE00B63707 = {
						CreatedOnToolsVersion = 7.1.1;
					};
					62CF765B1C0ED7BD00B63707 = {
						CreatedOnToolsVersion = 7.1.1;
						TestTargetID = 62CF76401C0ED5DE00B63707;
					};
				};
			};
			buildConfigurationList = 62CF763C1C0ED5DE00B63707 /* Build configuration list for PBXProject "Snapshotting" */;
			compatibilityVersion = "Xcode 3.2";
			developmentRegion = English;
			hasScannedForEncodings = 0;
			knownRegions = (
				en,
				Base,
			);
			mainGroup = 62CF76381C0ED5DE00B63707;
			productRefGroup = 62CF76421C0ED5DE00B63707 /* Products */;
			projectDirPath = "";
			projectRoot = "";
			targets = (
				62CF76401C0ED5DE00B63707 /* Snapshotting */,
				62CF765B1C0ED7BD00B63707 /* SnapshottingUITests */,
			);
		};
/* End PBXProject section */

/* Begin PBXResourcesBuildPhase section */
		62CF763F1C0ED5DE00B63707 /* Resources */ = {
			isa = PBXResourcesBuildPhase;
			buildActionMask = 2147483647;
			files = (
				62CF764F1C0ED5DE00B63707 /* LaunchScreen.storyboard in Resources */,
				62CF764C1C0ED5DE00B63707 /* Assets.xcassets in Resources */,
				62CF764A1C0ED5DE00B63707 /* Main.storyboard in Resources */,
			);
			runOnlyForDeploymentPostprocessing = 0;
		};
		62CF765A1C0ED7BD00B63707 /* Resources */ = {
			isa = PBXResourcesBuildPhase;
			buildActionMask = 2147483647;
			files = (
			);
			runOnlyForDeploymentPostprocessing = 0;
		};
/* End PBXResourcesBuildPhase section */

/* Begin PBXSourcesBuildPhase section */
		62CF763D1C0ED5DE00B63707 /* Sources */ = {
			isa = PBXSourcesBuildPhase;
			buildActionMask = 2147483647;
			files = (
				62CF76451C0ED5DE00B63707 /* AppDelegate.swift in Sources */,
			);
			runOnlyForDeploymentPostprocessing = 0;
		};
		62CF76581C0ED7BD00B63707 /* Sources */ = {
			isa = PBXSourcesBuildPhase;
			buildActionMask = 2147483647;
			files = (
				62CF765F1C0ED7BD00B63707 /* SnapshottingUITests.swift in Sources */,
				62CF76681C0ED95300B63707 /* SnapshotHelper.swift in Sources */,
			);
			runOnlyForDeploymentPostprocessing = 0;
		};
/* End PBXSourcesBuildPhase section */

/* Begin PBXTargetDependency section */
		62CF76621C0ED7BD00B63707 /* PBXTargetDependency */ = {
			isa = PBXTargetDependency;
			target = 62CF76401C0ED5DE00B63707 /* Snapshotting */;
			targetProxy = 62CF76611C0ED7BD00B63707 /* PBXContainerItemProxy */;
		};
/* End PBXTargetDependency section */

/* Begin PBXVariantGroup section */
		62CF76481C0ED5DE00B63707 /* Main.storyboard */ = {
			isa = PBXVariantGroup;
			children = (
				62CF76491C0ED5DE00B63707 /* Base */,
			);
			name = Main.storyboard;
			sourceTree = "<group>";
		};
		62CF764D1C0ED5DE00B63707 /* LaunchScreen.storyboard */ = {
			isa = PBXVariantGroup;
			children = (
				62CF764E1C0ED5DE00B63707 /* Base */,
			);
			name = LaunchScreen.storyboard;
			sourceTree = "<group>";
		};
/* End PBXVariantGroup section */

/* Begin XCBuildConfiguration section */
		62CF76511C0ED5DE00B63707 /* Debug */ = {
			isa = XCBuildConfiguration;
			buildSettings = {
				ALWAYS_SEARCH_USER_PATHS = NO;
				CLANG_CXX_LANGUAGE_STANDARD = "gnu++0x";
				CLANG_CXX_LIBRARY = "libc++";
				CLANG_ENABLE_MODULES = YES;
				CLANG_ENABLE_OBJC_ARC = YES;
				CLANG_WARN_BOOL_CONVERSION = YES;
				CLANG_WARN_CONSTANT_CONVERSION = YES;
				CLANG_WARN_DIRECT_OBJC_ISA_USAGE = YES_ERROR;
				CLANG_WARN_EMPTY_BODY = YES;
				CLANG_WARN_ENUM_CONVERSION = YES;
				CLANG_WARN_INT_CONVERSION = YES;
				CLANG_WARN_OBJC_ROOT_CLASS = YES_ERROR;
				CLANG_WARN_UNREACHABLE_CODE = YES;
				CLANG_WARN__DUPLICATE_METHOD_MATCH = YES;
				"CODE_SIGN_IDENTITY[sdk=iphoneos*]" = "iPhone Developer";
				COPY_PHASE_STRIP = NO;
				DEBUG_INFORMATION_FORMAT = dwarf;
				ENABLE_STRICT_OBJC_MSGSEND = YES;
				ENABLE_TESTABILITY = YES;
				GCC_C_LANGUAGE_STANDARD = gnu99;
				GCC_DYNAMIC_NO_PIC = NO;
				GCC_NO_COMMON_BLOCKS = YES;
				GCC_OPTIMIZATION_LEVEL = 0;
				GCC_PREPROCESSOR_DEFINITIONS = (
					"DEBUG=1",
					"$(inherited)",
				);
				GCC_WARN_64_TO_32_BIT_CONVERSION = YES;
				GCC_WARN_ABOUT_RETURN_TYPE = YES_ERROR;
				GCC_WARN_UNDECLARED_SELECTOR = YES;
				GCC_WARN_UNINITIALIZED_AUTOS = YES_AGGRESSIVE;
				GCC_WARN_UNUSED_FUNCTION = YES;
				GCC_WARN_UNUSED_VARIABLE = YES;
				IPHONEOS_DEPLOYMENT_TARGET = 9.1;
				MTL_ENABLE_DEBUG_INFO = YES;
				ONLY_ACTIVE_ARCH = YES;
				SDKROOT = iphoneos;
				SWIFT_OPTIMIZATION_LEVEL = "-Onone";
			};
			name = Debug;
		};
		62CF76521C0ED5DE00B63707 /* Release */ = {
			isa = XCBuildConfiguration;
			buildSettings = {
				ALWAYS_SEARCH_USER_PATHS = NO;
				CLANG_CXX_LANGUAGE_STANDARD = "gnu++0x";
				CLANG_CXX_LIBRARY = "libc++";
				CLANG_ENABLE_MODULES = YES;
				CLANG_ENABLE_OBJC_ARC = YES;
				CLANG_WARN_BOOL_CONVERSION = YES;
				CLANG_WARN_CONSTANT_CONVERSION = YES;
				CLANG_WARN_DIRECT_OBJC_ISA_USAGE = YES_ERROR;
				CLANG_WARN_EMPTY_BODY = YES;
				CLANG_WARN_ENUM_CONVERSION = YES;
				CLANG_WARN_INT_CONVERSION = YES;
				CLANG_WARN_OBJC_ROOT_CLASS = YES_ERROR;
				CLANG_WARN_UNREACHABLE_CODE = YES;
				CLANG_WARN__DUPLICATE_METHOD_MATCH = YES;
				"CODE_SIGN_IDENTITY[sdk=iphoneos*]" = "iPhone Developer";
				COPY_PHASE_STRIP = NO;
				DEBUG_INFORMATION_FORMAT = "dwarf-with-dsym";
				ENABLE_NS_ASSERTIONS = NO;
				ENABLE_STRICT_OBJC_MSGSEND = YES;
				GCC_C_LANGUAGE_STANDARD = gnu99;
				GCC_NO_COMMON_BLOCKS = YES;
				GCC_WARN_64_TO_32_BIT_CONVERSION = YES;
				GCC_WARN_ABOUT_RETURN_TYPE = YES_ERROR;
				GCC_WARN_UNDECLARED_SELECTOR = YES;
				GCC_WARN_UNINITIALIZED_AUTOS = YES_AGGRESSIVE;
				GCC_WARN_UNUSED_FUNCTION = YES;
				GCC_WARN_UNUSED_VARIABLE = YES;
				IPHONEOS_DEPLOYMENT_TARGET = 9.1;
				MTL_ENABLE_DEBUG_INFO = NO;
				SDKROOT = iphoneos;
				VALIDATE_PRODUCT = YES;
			};
			name = Release;
		};
		62CF76541C0ED5DE00B63707 /* Debug */ = {
			isa = XCBuildConfiguration;
			buildSettings = {
				ASSETCATALOG_COMPILER_APPICON_NAME = AppIcon;
				INFOPLIST_FILE = Snapshotting/Info.plist;
				LD_RUNPATH_SEARCH_PATHS = "$(inherited) @executable_path/Frameworks";
				PRODUCT_BUNDLE_IDENTIFIER = com.icapps.example.snapshot;
				PRODUCT_NAME = "$(TARGET_NAME)";
			};
			name = Debug;
		};
		62CF76551C0ED5DE00B63707 /* Release */ = {
			isa = XCBuildConfiguration;
			buildSettings = {
				ASSETCATALOG_COMPILER_APPICON_NAME = AppIcon;
				INFOPLIST_FILE = Snapshotting/Info.plist;
				LD_RUNPATH_SEARCH_PATHS = "$(inherited) @executable_path/Frameworks";
				PRODUCT_BUNDLE_IDENTIFIER = com.icapps.example.snapshot;
				PRODUCT_NAME = "$(TARGET_NAME)";
			};
			name = Release;
		};
		62CF76641C0ED7BE00B63707 /* Debug */ = {
			isa = XCBuildConfiguration;
			buildSettings = {
				INFOPLIST_FILE = SnapshottingUITests/Info.plist;
				LD_RUNPATH_SEARCH_PATHS = "$(inherited) @executable_path/Frameworks @loader_path/Frameworks";
				PRODUCT_BUNDLE_IDENTIFIER = com.icapps.SnapshottingUITests;
				PRODUCT_NAME = "$(TARGET_NAME)";
				TEST_TARGET_NAME = Snapshotting;
				USES_XCTRUNNER = YES;
			};
			name = Debug;
		};
		62CF76651C0ED7BE00B63707 /* Release */ = {
			isa = XCBuildConfiguration;
			buildSettings = {
				INFOPLIST_FILE = SnapshottingUITests/Info.plist;
				LD_RUNPATH_SEARCH_PATHS = "$(inherited) @executable_path/Frameworks @loader_path/Frameworks";
				PRODUCT_BUNDLE_IDENTIFIER = com.icapps.SnapshottingUITests;
				PRODUCT_NAME = "$(TARGET_NAME)";
				TEST_TARGET_NAME = Snapshotting;
				USES_XCTRUNNER = YES;
			};
			name = Release;
		};
/* End XCBuildConfiguration section */

/* Begin XCConfigurationList section */
		62CF763C1C0ED5DE00B63707 /* Build configuration list for PBXProject "Snapshotting" */ = {
			isa = XCConfigurationList;
			buildConfigurations = (
				62CF76511C0ED5DE00B63707 /* Debug */,
				62CF76521C0ED5DE00B63707 /* Release */,
			);
			defaultConfigurationIsVisible = 0;
			defaultConfigurationName = Release;
		};
		62CF76531C0ED5DE00B63707 /* Build configuration list for PBXNativeTarget "Snapshotting" */ = {
			isa = XCConfigurationList;
			buildConfigurations = (
				62CF76541C0ED5DE00B63707 /* Debug */,
				62CF76551C0ED5DE00B63707 /* Release */,
			);
			defaultConfigurationIsVisible = 0;
			defaultConfigurationName = Release;
		};
		62CF76631C0ED7BE00B63707 /* Build configuration list for PBXNativeTarget "SnapshottingUITests" */ = {
			isa = XCConfigurationList;
			buildConfigurations = (
				62CF76641C0ED7BE00B63707 /* Debug */,
				62CF76651C0ED7BE00B63707 /* Release */,
			);
			defaultConfigurationIsVisible = 0;
			defaultConfigurationName = Release;
		};
/* End XCConfigurationList section */
	};
	rootObject = 62CF76391C0ED5DE00B63707 /* Project object */;
}
